{
  "name": "@satya/revenue-os",
  "version": "0.1.0-rc.1",
  "lockfileVersion": 3,
  "requires": true,
  "packages": {
    "": {
      "name": "@satya/revenue-os",
      "version": "0.1.0-rc.1",
      "license": "Apache-2.0",
      "bin": {
        "satya-revenue": "bin/satya-revenue.mjs"
      },
      "engines": {
        "node": ">=22.0.0"
      }
    }
  }
}
